// !$*UTF8*$!
{
	archiveVersion = 1;
	classes = {
	};
	objectVersion = 55;
	objects = {

/* Begin PBXBuildFile section */
		659908DB275E9F6C001F7C8B /* Indoor_CrocodileApp.swift in Sources */ = {isa = PBXBuildFile; fileRef = 659908DA275E9F6C001F7C8B /* Indoor_CrocodileApp.swift */; };
		659908DD275E9F6C001F7C8B /* ContentView.swift in Sources */ = {isa = PBXBuildFile; fileRef = 659908DC275E9F6C001F7C8B /* ContentView.swift */; };
		659908DF275E9F70001F7C8B /* Assets.xcassets in Resources */ = {isa = PBXBuildFile; fileRef = 659908DE275E9F70001F7C8B /* Assets.xcassets */; };
		659908E2275E9F70001F7C8B /* Preview Assets.xcassets in Resources */ = {isa = PBXBuildFile; fileRef = 659908E1275E9F70001F7C8B /* Preview Assets.xcassets */; };
		659908EC275E9F71001F7C8B /* Indoor_CrocodileTests.swift in Sources */ = {isa = PBXBuildFile; fileRef = 659908EB275E9F71001F7C8B /* Indoor_CrocodileTests.swift */; };
		659908F6275E9F71001F7C8B /* Indoor_CrocodileUITests.swift in Sources */ = {isa = PBXBuildFile; fileRef = 659908F5275E9F71001F7C8B /* Indoor_CrocodileUITests.swift */; };
		659908F8275E9F71001F7C8B /* Indoor_CrocodileUITestsLaunchTests.swift in Sources */ = {isa = PBXBuildFile; fileRef = 659908F7275E9F71001F7C8B /* Indoor_CrocodileUITestsLaunchTests.swift */; };
/* End PBXBuildFile section */

/* Begin PBXContainerItemProxy section */
		659908E8275E9F71001F7C8B /* PBXContainerItemProxy */ = {
			isa = PBXContainerItemProxy;
			containerPortal = 659908CF275E9F6C001F7C8B /* Project object */;
			proxyType = 1;
			remoteGlobalIDString = 659908D6275E9F6C001F7C8B;
			remoteInfo = "Indoor-Crocodile";
		};
		659908F2275E9F71001F7C8B /* PBXContainerItemProxy */ = {
			isa = PBXContainerItemProxy;
			containerPortal = 659908CF275E9F6C001F7C8B /* Project object */;
			proxyType = 1;
			remoteGlobalIDString = 659908D6275E9F6C001F7C8B;
			remoteInfo = "Indoor-Crocodile";
		};
/* End PBXContainerItemProxy section */

/* Begin PBXFileReference section */
		659908D7275E9F6C001F7C8B /* Indoor-Crocodile.app */ = {isa = PBXFileReference; explicitFileType = wrapper.application; includeInIndex = 0; path = "Indoor-Crocodile.app"; sourceTree = BUILT_PRODUCTS_DIR; };
		659908DA275E9F6C001F7C8B /* Indoor_CrocodileApp.swift */ = {isa = PBXFileReference; lastKnownFileType = sourcecode.swift; path = Indoor_CrocodileApp.swift; sourceTree = "<group>"; };
		659908DC275E9F6C001F7C8B /* ContentView.swift */ = {isa = PBXFileReference; lastKnownFileType = sourcecode.swift; path = ContentView.swift; sourceTree = "<group>"; };
		659908DE275E9F70001F7C8B /* Assets.xcassets */ = {isa = PBXFileReference; lastKnownFileType = folder.assetcatalog; path = Assets.xcassets; sourceTree = "<group>"; };
		659908E1275E9F70001F7C8B /* Preview Assets.xcassets */ = {isa = PBXFileReference; lastKnownFileType = folder.assetcatalog; path = "Preview Assets.xcassets"; sourceTree = "<group>"; };
		659908E7275E9F71001F7C8B /* Indoor-CrocodileTests.xctest */ = {isa = PBXFileReference; explicitFileType = wrapper.cfbundle; includeInIndex = 0; path = "Indoor-CrocodileTests.xctest"; sourceTree = BUILT_PRODUCTS_DIR; };
		659908EB275E9F71001F7C8B /* Indoor_CrocodileTests.swift */ = {isa = PBXFileReference; lastKnownFileType = sourcecode.swift; path = Indoor_CrocodileTests.swift; sourceTree = "<group>"; };
		659908F1275E9F71001F7C8B /* Indoor-CrocodileUITests.xctest */ = {isa = PBXFileReference; explicitFileType = wrapper.cfbundle; includeInIndex = 0; path = "Indoor-CrocodileUITests.xctest"; sourceTree = BUILT_PRODUCTS_DIR; };
		659908F5275E9F71001F7C8B /* Indoor_CrocodileUITests.swift */ = {isa = PBXFileReference; lastKnownFileType = sourcecode.swift; path = Indoor_CrocodileUITests.swift; sourceTree = "<group>"; };
		659908F7275E9F71001F7C8B /* Indoor_CrocodileUITestsLaunchTests.swift */ = {isa = PBXFileReference; lastKnownFileType = sourcecode.swift; path = Indoor_CrocodileUITestsLaunchTests.swift; sourceTree = "<group>"; };
/* End PBXFileReference section */

/* Begin PBXFrameworksBuildPhase section */
		659908D4275E9F6C001F7C8B /* Frameworks */ = {
			isa = PBXFrameworksBuildPhase;
			buildActionMask = 2147483647;
			files = (
			);
			runOnlyForDeploymentPostprocessing = 0;
		};
		659908E4275E9F71001F7C8B /* Frameworks */ = {
			isa = PBXFrameworksBuildPhase;
			buildActionMask = 2147483647;
			files = (
			);
			runOnlyForDeploymentPostprocessing = 0;
		};
		659908EE275E9F71001F7C8B /* Frameworks */ = {
			isa = PBXFrameworksBuildPhase;
			buildActionMask = 2147483647;
			files = (
			);
			runOnlyForDeploymentPostprocessing = 0;
		};
/* End PBXFrameworksBuildPhase section */

/* Begin PBXGroup section */
		659908CE275E9F6C001F7C8B = {
			isa = PBXGroup;
			children = (
				659908D9275E9F6C001F7C8B /* Indoor-Crocodile */,
				659908EA275E9F71001F7C8B /* Indoor-CrocodileTests */,
				659908F4275E9F71001F7C8B /* Indoor-CrocodileUITests */,
				659908D8275E9F6C001F7C8B /* Products */,
			);
			sourceTree = "<group>";
		};
		659908D8275E9F6C001F7C8B /* Products */ = {
			isa = PBXGroup;
			children = (
				659908D7275E9F6C001F7C8B /* Indoor-Crocodile.app */,
				659908E7275E9F71001F7C8B /* Indoor-CrocodileTests.xctest */,
				659908F1275E9F71001F7C8B /* Indoor-CrocodileUITests.xctest */,
			);
			name = Products;
			sourceTree = "<group>";
		};
		659908D9275E9F6C001F7C8B /* Indoor-Crocodile */ = {
			isa = PBXGroup;
			children = (
				659908DA275E9F6C001F7C8B /* Indoor_CrocodileApp.swift */,
				659908DC275E9F6C001F7C8B /* ContentView.swift */,
				659908DE275E9F70001F7C8B /* Assets.xcassets */,
				659908E0275E9F70001F7C8B /* Preview Content */,
			);
			path = "Indoor-Crocodile";
			sourceTree = "<group>";
		};
		659908E0275E9F70001F7C8B /* Preview Content */ = {
			isa = PBXGroup;
			children = (
				659908E1275E9F70001F7C8B /* Preview Assets.xcassets */,
			);
			path = "Preview Content";
			sourceTree = "<group>";
		};
		659908EA275E9F71001F7C8B /* Indoor-CrocodileTests */ = {
			isa = PBXGroup;
			children = (
				659908EB275E9F71001F7C8B /* Indoor_CrocodileTests.swift */,
			);
			path = "Indoor-CrocodileTests";
			sourceTree = "<group>";
		};
		659908F4275E9F71001F7C8B /* Indoor-CrocodileUITests */ = {
			isa = PBXGroup;
			children = (
				659908F5275E9F71001F7C8B /* Indoor_CrocodileUITests.swift */,
				659908F7275E9F71001F7C8B /* Indoor_CrocodileUITestsLaunchTests.swift */,
			);
			path = "Indoor-CrocodileUITests";
			sourceTree = "<group>";
		};
/* End PBXGroup section */

/* Begin PBXNativeTarget section */
		659908D6275E9F6C001F7C8B /* Indoor-Crocodile */ = {
			isa = PBXNativeTarget;
			buildConfigurationList = 659908FB275E9F71001F7C8B /* Build configuration list for PBXNativeTarget "Indoor-Crocodile" */;
			buildPhases = (
				659908D3275E9F6C001F7C8B /* Sources */,
				659908D4275E9F6C001F7C8B /* Frameworks */,
				659908D5275E9F6C001F7C8B /* Resources */,
			);
			buildRules = (
			);
			dependencies = (
			);
			name = "Indoor-Crocodile";
			productName = "Indoor-Crocodile";
			productReference = 659908D7275E9F6C001F7C8B /* Indoor-Crocodile.app */;
			productType = "com.apple.product-type.application";
		};
		659908E6275E9F71001F7C8B /* Indoor-CrocodileTests */ = {
			isa = PBXNativeTarget;
			buildConfigurationList = 659908FE275E9F71001F7C8B /* Build configuration list for PBXNativeTarget "Indoor-CrocodileTests" */;
			buildPhases = (
				659908E3275E9F71001F7C8B /* Sources */,
				659908E4275E9F71001F7C8B /* Frameworks */,
				659908E5275E9F71001F7C8B /* Resources */,
			);
			buildRules = (
			);
			dependencies = (
				659908E9275E9F71001F7C8B /* PBXTargetDependency */,
			);
			name = "Indoor-CrocodileTests";
			productName = "Indoor-CrocodileTests";
			productReference = 659908E7275E9F71001F7C8B /* Indoor-CrocodileTests.xctest */;
			productType = "com.apple.product-type.bundle.unit-test";
		};
		659908F0275E9F71001F7C8B /* Indoor-CrocodileUITests */ = {
			isa = PBXNativeTarget;
			buildConfigurationList = 65990901275E9F71001F7C8B /* Build configuration list for PBXNativeTarget "Indoor-CrocodileUITests" */;
			buildPhases = (
				659908ED275E9F71001F7C8B /* Sources */,
				659908EE275E9F71001F7C8B /* Frameworks */,
				659908EF275E9F71001F7C8B /* Resources */,
			);
			buildRules = (
			);
			dependencies = (
				659908F3275E9F71001F7C8B /* PBXTargetDependency */,
			);
			name = "Indoor-CrocodileUITests";
			productName = "Indoor-CrocodileUITests";
			productReference = 659908F1275E9F71001F7C8B /* Indoor-CrocodileUITests.xctest */;
			productType = "com.apple.product-type.bundle.ui-testing";
		};
/* End PBXNativeTarget section */

/* Begin PBXProject section */
		659908CF275E9F6C001F7C8B /* Project object */ = {
			isa = PBXProject;
			attributes = {
				BuildIndependentTargetsInParallel = 1;
				LastSwiftUpdateCheck = 1310;
				LastUpgradeCheck = 1310;
				TargetAttributes = {
					659908D6275E9F6C001F7C8B = {
						CreatedOnToolsVersion = 13.1;
					};
					659908E6275E9F71001F7C8B = {
						CreatedOnToolsVersion = 13.1;
						TestTargetID = 659908D6275E9F6C001F7C8B;
					};
					659908F0275E9F71001F7C8B = {
						CreatedOnToolsVersion = 13.1;
						TestTargetID = 659908D6275E9F6C001F7C8B;
					};
				};
			};
			buildConfigurationList = 659908D2275E9F6C001F7C8B /* Build configuration list for PBXProject "Indoor-Crocodile" */;
			compatibilityVersion = "Xcode 13.0";
			developmentRegion = en;
			hasScannedForEncodings = 0;
			knownRegions = (
				en,
				Base,
			);
			mainGroup = 659908CE275E9F6C001F7C8B;
			productRefGroup = 659908D8275E9F6C001F7C8B /* Products */;
			projectDirPath = "";
			projectRoot = "";
			targets = (
				659908D6275E9F6C001F7C8B /* Indoor-Crocodile */,
				659908E6275E9F71001F7C8B /* Indoor-CrocodileTests */,
				659908F0275E9F71001F7C8B /* Indoor-CrocodileUITests */,
			);
		};
/* End PBXProject section */

/* Begin PBXResourcesBuildPhase section */
		659908D5275E9F6C001F7C8B /* Resources */ = {
			isa = PBXResourcesBuildPhase;
			buildActionMask = 2147483647;
			files = (
				659908E2275E9F70001F7C8B /* Preview Assets.xcassets in Resources */,
				659908DF275E9F70001F7C8B /* Assets.xcassets in Resources */,
			);
			runOnlyForDeploymentPostprocessing = 0;
		};
		659908E5275E9F71001F7C8B /* Resources */ = {
			isa = PBXResourcesBuildPhase;
			buildActionMask = 2147483647;
			files = (
			);
			runOnlyForDeploymentPostprocessing = 0;
		};
		659908EF275E9F71001F7C8B /* Resources */ = {
			isa = PBXResourcesBuildPhase;
			buildActionMask = 2147483647;
			files = (
			);
			runOnlyForDeploymentPostprocessing = 0;
		};
/* End PBXResourcesBuildPhase section */

/* Begin PBXSourcesBuildPhase section */
		659908D3275E9F6C001F7C8B /* Sources */ = {
			isa = PBXSourcesBuildPhase;
			buildActionMask = 2147483647;
			files = (
				659908DD275E9F6C001F7C8B /* ContentView.swift in Sources */,
				659908DB275E9F6C001F7C8B /* Indoor_CrocodileApp.swift in Sources */,
			);
			runOnlyForDeploymentPostprocessing = 0;
		};
		659908E3275E9F71001F7C8B /* Sources */ = {
			isa = PBXSourcesBuildPhase;
			buildActionMask = 2147483647;
			files = (
				659908EC275E9F71001F7C8B /* Indoor_CrocodileTests.swift in Sources */,
			);
			runOnlyForDeploymentPostprocessing = 0;
		};
		659908ED275E9F71001F7C8B /* Sources */ = {
			isa = PBXSourcesBuildPhase;
			buildActionMask = 2147483647;
			files = (
				659908F8275E9F71001F7C8B /* Indoor_CrocodileUITestsLaunchTests.swift in Sources */,
				659908F6275E9F71001F7C8B /* Indoor_CrocodileUITests.swift in Sources */,
			);
			runOnlyForDeploymentPostprocessing = 0;
		};
/* End PBXSourcesBuildPhase section */

/* Begin PBXTargetDependency section */
		659908E9275E9F71001F7C8B /* PBXTargetDependency */ = {
			isa = PBXTargetDependency;
			target = 659908D6275E9F6C001F7C8B /* Indoor-Crocodile */;
			targetProxy = 659908E8275E9F71001F7C8B /* PBXContainerItemProxy */;
		};
		659908F3275E9F71001F7C8B /* PBXTargetDependency */ = {
			isa = PBXTargetDependency;
			target = 659908D6275E9F6C001F7C8B /* Indoor-Crocodile */;
			targetProxy = 659908F2275E9F71001F7C8B /* PBXContainerItemProxy */;
		};
/* End PBXTargetDependency section */

/* Begin XCBuildConfiguration section */
		659908F9275E9F71001F7C8B /* Debug */ = {
			isa = XCBuildConfiguration;
			buildSettings = {
				ALWAYS_SEARCH_USER_PATHS = NO;
				CLANG_ANALYZER_NONNULL = YES;
				CLANG_ANALYZER_NUMBER_OBJECT_CONVERSION = YES_AGGRESSIVE;
				CLANG_CXX_LANGUAGE_STANDARD = "gnu++17";
				CLANG_CXX_LIBRARY = "libc++";
				CLANG_ENABLE_MODULES = YES;
				CLANG_ENABLE_OBJC_ARC = YES;
				CLANG_ENABLE_OBJC_WEAK = YES;
				CLANG_WARN_BLOCK_CAPTURE_AUTORELEASING = YES;
				CLANG_WARN_BOOL_CONVERSION = YES;
				CLANG_WARN_COMMA = YES;
				CLANG_WARN_CONSTANT_CONVERSION = YES;
				CLANG_WARN_DEPRECATED_OBJC_IMPLEMENTATIONS = YES;
				CLANG_WARN_DIRECT_OBJC_ISA_USAGE = YES_ERROR;
				CLANG_WARN_DOCUMENTATION_COMMENTS = YES;
				CLANG_WARN_EMPTY_BODY = YES;
				CLANG_WARN_ENUM_CONVERSION = YES;
				CLANG_WARN_INFINITE_RECURSION = YES;
				CLANG_WARN_INT_CONVERSION = YES;
				CLANG_WARN_NON_LITERAL_NULL_CONVERSION = YES;
				CLANG_WARN_OBJC_IMPLICIT_RETAIN_SELF = YES;
				CLANG_WARN_OBJC_LITERAL_CONVERSION = YES;
				CLANG_WARN_OBJC_ROOT_CLASS = YES_ERROR;
				CLANG_WARN_QUOTED_INCLUDE_IN_FRAMEWORK_HEADER = YES;
				CLANG_WARN_RANGE_LOOP_ANALYSIS = YES;
				CLANG_WARN_STRICT_PROTOTYPES = YES;
				CLANG_WARN_SUSPICIOUS_MOVE = YES;
				CLANG_WARN_UNGUARDED_AVAILABILITY = YES_AGGRESSIVE;
				CLANG_WARN_UNREACHABLE_CODE = YES;
				CLANG_WARN__DUPLICATE_METHOD_MATCH = YES;
				COPY_PHASE_STRIP = NO;
				DEBUG_INFORMATION_FORMAT = dwarf;
				ENABLE_STRICT_OBJC_MSGSEND = YES;
				ENABLE_TESTABILITY = YES;
				GCC_C_LANGUAGE_STANDARD = gnu11;
				GCC_DYNAMIC_NO_PIC = NO;
				GCC_NO_COMMON_BLOCKS = YES;
				GCC_OPTIMIZATION_LEVEL = 0;
				GCC_PREPROCESSOR_DEFINITIONS = (
					"DEBUG=1",
					"$(inherited)",
				);
				GCC_WARN_64_TO_32_BIT_CONVERSION = YES;
				GCC_WARN_ABOUT_RETURN_TYPE = YES_ERROR;
				GCC_WARN_UNDECLARED_SELECTOR = YES;
				GCC_WARN_UNINITIALIZED_AUTOS = YES_AGGRESSIVE;
				GCC_WARN_UNUSED_FUNCTION = YES;
				GCC_WARN_UNUSED_VARIABLE = YES;
				IPHONEOS_DEPLOYMENT_TARGET = 15.0;
				MTL_ENABLE_DEBUG_INFO = INCLUDE_SOURCE;
				MTL_FAST_MATH = YES;
				ONLY_ACTIVE_ARCH = YES;
				SDKROOT = iphoneos;
				SWIFT_ACTIVE_COMPILATION_CONDITIONS = DEBUG;
				SWIFT_OPTIMIZATION_LEVEL = "-Onone";
			};
			name = Debug;
		};
		659908FA275E9F71001F7C8B /* Release */ = {
			isa = XCBuildConfiguration;
			buildSettings = {
				ALWAYS_SEARCH_USER_PATHS = NO;
				CLANG_ANALYZER_NONNULL = YES;
				CLANG_ANALYZER_NUMBER_OBJECT_CONVERSION = YES_AGGRESSIVE;
				CLANG_CXX_LANGUAGE_STANDARD = "gnu++17";
				CLANG_CXX_LIBRARY = "libc++";
				CLANG_ENABLE_MODULES = YES;
				CLANG_ENABLE_OBJC_ARC = YES;
				CLANG_ENABLE_OBJC_WEAK = YES;
				CLANG_WARN_BLOCK_CAPTURE_AUTORELEASING = YES;
				CLANG_WARN_BOOL_CONVERSION = YES;
				CLANG_WARN_COMMA = YES;
				CLANG_WARN_CONSTANT_CONVERSION = YES;
				CLANG_WARN_DEPRECATED_OBJC_IMPLEMENTATIONS = YES;
				CLANG_WARN_DIRECT_OBJC_ISA_USAGE = YES_ERROR;
				CLANG_WARN_DOCUMENTATION_COMMENTS = YES;
				CLANG_WARN_EMPTY_BODY = YES;
				CLANG_WARN_ENUM_CONVERSION = YES;
				CLANG_WARN_INFINITE_RECURSION = YES;
				CLANG_WARN_INT_CONVERSION = YES;
				CLANG_WARN_NON_LITERAL_NULL_CONVERSION = YES;
				CLANG_WARN_OBJC_IMPLICIT_RETAIN_SELF = YES;
				CLANG_WARN_OBJC_LITERAL_CONVERSION = YES;
				CLANG_WARN_OBJC_ROOT_CLASS = YES_ERROR;
				CLANG_WARN_QUOTED_INCLUDE_IN_FRAMEWORK_HEADER = YES;
				CLANG_WARN_RANGE_LOOP_ANALYSIS = YES;
				CLANG_WARN_STRICT_PROTOTYPES = YES;
				CLANG_WARN_SUSPICIOUS_MOVE = YES;
				CLANG_WARN_UNGUARDED_AVAILABILITY = YES_AGGRESSIVE;
				CLANG_WARN_UNREACHABLE_CODE = YES;
				CLANG_WARN__DUPLICATE_METHOD_MATCH = YES;
				COPY_PHASE_STRIP = NO;
				DEBUG_INFORMATION_FORMAT = "dwarf-with-dsym";
				ENABLE_NS_ASSERTIONS = NO;
				ENABLE_STRICT_OBJC_MSGSEND = YES;
				GCC_C_LANGUAGE_STANDARD = gnu11;
				GCC_NO_COMMON_BLOCKS = YES;
				GCC_WARN_64_TO_32_BIT_CONVERSION = YES;
				GCC_WARN_ABOUT_RETURN_TYPE = YES_ERROR;
				GCC_WARN_UNDECLARED_SELECTOR = YES;
				GCC_WARN_UNINITIALIZED_AUTOS = YES_AGGRESSIVE;
				GCC_WARN_UNUSED_FUNCTION = YES;
				GCC_WARN_UNUSED_VARIABLE = YES;
				IPHONEOS_DEPLOYMENT_TARGET = 15.0;
				MTL_ENABLE_DEBUG_INFO = NO;
				MTL_FAST_MATH = YES;
				SDKROOT = iphoneos;
				SWIFT_COMPILATION_MODE = wholemodule;
				SWIFT_OPTIMIZATION_LEVEL = "-O";
				VALIDATE_PRODUCT = YES;
			};
			name = Release;
		};
		659908FC275E9F71001F7C8B /* Debug */ = {
			isa = XCBuildConfiguration;
			buildSettings = {
				ASSETCATALOG_COMPILER_APPICON_NAME = AppIcon;
				ASSETCATALOG_COMPILER_GLOBAL_ACCENT_COLOR_NAME = AccentColor;
				CODE_SIGN_STYLE = Automatic;
				CURRENT_PROJECT_VERSION = 1;
				DEVELOPMENT_ASSET_PATHS = "\"Indoor-Crocodile/Preview Content\"";
				DEVELOPMENT_TEAM = DFZ8N2CQSG;
				ENABLE_PREVIEWS = YES;
				GENERATE_INFOPLIST_FILE = YES;
				INFOPLIST_KEY_UIApplicationSceneManifest_Generation = YES;
				INFOPLIST_KEY_UIApplicationSupportsIndirectInputEvents = YES;
				INFOPLIST_KEY_UILaunchScreen_Generation = YES;
				INFOPLIST_KEY_UISupportedInterfaceOrientations_iPad = "UIInterfaceOrientationPortrait UIInterfaceOrientationPortraitUpsideDown UIInterfaceOrientationLandscapeLeft UIInterfaceOrientationLandscapeRight";
				INFOPLIST_KEY_UISupportedInterfaceOrientations_iPhone = "UIInterfaceOrientationPortrait UIInterfaceOrientationLandscapeLeft UIInterfaceOrientationLandscapeRight";
				LD_RUNPATH_SEARCH_PATHS = (
					"$(inherited)",
					"@executable_path/Frameworks",
				);
				MARKETING_VERSION = 1.0;
				PRODUCT_BUNDLE_IDENTIFIER = "KamolIbragimov.Indoor-Crocodile";
				PRODUCT_NAME = "$(TARGET_NAME)";
				SWIFT_EMIT_LOC_STRINGS = YES;
				SWIFT_VERSION = 5.0;
				TARGETED_DEVICE_FAMILY = "1,2";
			};
			name = Debug;
		};
		659908FD275E9F71001F7C8B /* Release */ = {
			isa = XCBuildConfiguration;
			buildSettings = {
				ASSETCATALOG_COMPILER_APPICON_NAME = AppIcon;
				ASSETCATALOG_COMPILER_GLOBAL_ACCENT_COLOR_NAME = AccentColor;
				CODE_SIGN_STYLE = Automatic;
				CURRENT_PROJECT_VERSION = 1;
				DEVELOPMENT_ASSET_PATHS = "\"Indoor-Crocodile/Preview Content\"";
				DEVELOPMENT_TEAM = DFZ8N2CQSG;
				ENABLE_PREVIEWS = YES;
				GENERATE_INFOPLIST_FILE = YES;
				INFOPLIST_KEY_UIApplicationSceneManifest_Generation = YES;
				INFOPLIST_KEY_UIApplicationSupportsIndirectInputEvents = YES;
				INFOPLIST_KEY_UILaunchScreen_Generation = YES;
				INFOPLIST_KEY_UISupportedInterfaceOrientations_iPad = "UIInterfaceOrientationPortrait UIInterfaceOrientationPortraitUpsideDown UIInterfaceOrientationLandscapeLeft UIInterfaceOrientationLandscapeRight";
				INFOPLIST_KEY_UISupportedInterfaceOrientations_iPhone = "UIInterfaceOrientationPortrait UIInterfaceOrientationLandscapeLeft UIInterfaceOrientationLandscapeRight";
				LD_RUNPATH_SEARCH_PATHS = (
					"$(inherited)",
					"@executable_path/Frameworks",
				);
				MARKETING_VERSION = 1.0;
				PRODUCT_BUNDLE_IDENTIFIER = "KamolIbragimov.Indoor-Crocodile";
				PRODUCT_NAME = "$(TARGET_NAME)";
				SWIFT_EMIT_LOC_STRINGS = YES;
				SWIFT_VERSION = 5.0;
				TARGETED_DEVICE_FAMILY = "1,2";
			};
			name = Release;
		};
		659908FF275E9F71001F7C8B /* Debug */ = {
			isa = XCBuildConfiguration;
			buildSettings = {
				ALWAYS_EMBED_SWIFT_STANDARD_LIBRARIES = YES;
				BUNDLE_LOADER = "$(TEST_HOST)";
				CODE_SIGN_STYLE = Automatic;
				CURRENT_PROJECT_VERSION = 1;
				DEVELOPMENT_TEAM = DFZ8N2CQSG;
				GENERATE_INFOPLIST_FILE = YES;
				IPHONEOS_DEPLOYMENT_TARGET = 15.0;
				LD_RUNPATH_SEARCH_PATHS = (
					"$(inherited)",
					"@executable_path/Frameworks",
					"@loader_path/Frameworks",
				);
				MARKETING_VERSION = 1.0;
				PRODUCT_BUNDLE_IDENTIFIER = "KamolIbragimov.Indoor-CrocodileTests";
				PRODUCT_NAME = "$(TARGET_NAME)";
				SWIFT_EMIT_LOC_STRINGS = NO;
				SWIFT_VERSION = 5.0;
				TARGETED_DEVICE_FAMILY = "1,2";
				TEST_HOST = "$(BUILT_PRODUCTS_DIR)/Indoor-Crocodile.app/Indoor-Crocodile";
			};
			name = Debug;
		};
		65990900275E9F71001F7C8B /* Release */ = {
			isa = XCBuildConfiguration;
			buildSettings = {
				ALWAYS_EMBED_SWIFT_STANDARD_LIBRARIES = YES;
				BUNDLE_LOADER = "$(TEST_HOST)";
				CODE_SIGN_STYLE = Automatic;
				CURRENT_PROJECT_VERSION = 1;
				DEVELOPMENT_TEAM = DFZ8N2CQSG;
				GENERATE_INFOPLIST_FILE = YES;
				IPHONEOS_DEPLOYMENT_TARGET = 15.0;
				LD_RUNPATH_SEARCH_PATHS = (
					"$(inherited)",
					"@executable_path/Frameworks",
					"@loader_path/Frameworks",
				);
				MARKETING_VERSION = 1.0;
				PRODUCT_BUNDLE_IDENTIFIER = "KamolIbragimov.Indoor-CrocodileTests";
				PRODUCT_NAME = "$(TARGET_NAME)";
				SWIFT_EMIT_LOC_STRINGS = NO;
				SWIFT_VERSION = 5.0;
				TARGETED_DEVICE_FAMILY = "1,2";
				TEST_HOST = "$(BUILT_PRODUCTS_DIR)/Indoor-Crocodile.app/Indoor-Crocodile";
			};
			name = Release;
		};
		65990902275E9F71001F7C8B /* Debug */ = {
			isa = XCBuildConfiguration;
			buildSettings = {
				ALWAYS_EMBED_SWIFT_STANDARD_LIBRARIES = YES;
				CODE_SIGN_STYLE = Automatic;
				CURRENT_PROJECT_VERSION = 1;
				DEVELOPMENT_TEAM = DFZ8N2CQSG;
				GENERATE_INFOPLIST_FILE = YES;
				LD_RUNPATH_SEARCH_PATHS = (
					"$(inherited)",
					"@executable_path/Frameworks",
					"@loader_path/Frameworks",
				);
				MARKETING_VERSION = 1.0;
				PRODUCT_BUNDLE_IDENTIFIER = "KamolIbragimov.Indoor-CrocodileUITests";
				PRODUCT_NAME = "$(TARGET_NAME)";
				SWIFT_EMIT_LOC_STRINGS = NO;
				SWIFT_VERSION = 5.0;
				TARGETED_DEVICE_FAMILY = "1,2";
				TEST_TARGET_NAME = "Indoor-Crocodile";
			};
			name = Debug;
		};
		65990903275E9F71001F7C8B /* Release */ = {
			isa = XCBuildConfiguration;
			buildSettings = {
				ALWAYS_EMBED_SWIFT_STANDARD_LIBRARIES = YES;
				CODE_SIGN_STYLE = Automatic;
				CURRENT_PROJECT_VERSION = 1;
				DEVELOPMENT_TEAM = DFZ8N2CQSG;
				GENERATE_INFOPLIST_FILE = YES;
				LD_RUNPATH_SEARCH_PATHS = (
					"$(inherited)",
					"@executable_path/Frameworks",
					"@loader_path/Frameworks",
				);
				MARKETING_VERSION = 1.0;
				PRODUCT_BUNDLE_IDENTIFIER = "KamolIbragimov.Indoor-CrocodileUITests";
				PRODUCT_NAME = "$(TARGET_NAME)";
				SWIFT_EMIT_LOC_STRINGS = NO;
				SWIFT_VERSION = 5.0;
				TARGETED_DEVICE_FAMILY = "1,2";
				TEST_TARGET_NAME = "Indoor-Crocodile";
			};
			name = Release;
		};
/* End XCBuildConfiguration section */

/* Begin XCConfigurationList section */
		659908D2275E9F6C001F7C8B /* Build configuration list for PBXProject "Indoor-Crocodile" */ = {
			isa = XCConfigurationList;
			buildConfigurations = (
				659908F9275E9F71001F7C8B /* Debug */,
				659908FA275E9F71001F7C8B /* Release */,
			);
			defaultConfigurationIsVisible = 0;
			defaultConfigurationName = Release;
		};
		659908FB275E9F71001F7C8B /* Build configuration list for PBXNativeTarget "Indoor-Crocodile" */ = {
			isa = XCConfigurationList;
			buildConfigurations = (
				659908FC275E9F71001F7C8B /* Debug */,
				659908FD275E9F71001F7C8B /* Release */,
			);
			defaultConfigurationIsVisible = 0;
			defaultConfigurationName = Release;
		};
		659908FE275E9F71001F7C8B /* Build configuration list for PBXNativeTarget "Indoor-CrocodileTests" */ = {
			isa = XCConfigurationList;
			buildConfigurations = (
				659908FF275E9F71001F7C8B /* Debug */,
				65990900275E9F71001F7C8B /* Release */,
			);
			defaultConfigurationIsVisible = 0;
			defaultConfigurationName = Release;
		};
		65990901275E9F71001F7C8B /* Build configuration list for PBXNativeTarget "Indoor-CrocodileUITests" */ = {
			isa = XCConfigurationList;
			buildConfigurations = (
				65990902275E9F71001F7C8B /* Debug */,
				65990903275E9F71001F7C8B /* Release */,
			);
			defaultConfigurationIsVisible = 0;
			defaultConfigurationName = Release;
		};
/* End XCConfigurationList section */
	};
	rootObject = 659908CF275E9F6C001F7C8B /* Project object */;
}
